// !$*UTF8*$!
{
	archiveVersion = 1;
	classes = {
	};
	objectVersion = 77;
	objects = {

/* Begin PBXContainerItemProxy section */
		06CE04632DAAFE6300B65F0E /* PBXContainerItemProxy */ = {
			isa = PBXContainerItemProxy;
			containerPortal = 06CE044D2DAAFE6200B65F0E /* Project object */;
			proxyType = 1;
			remoteGlobalIDString = 06CE04542DAAFE6200B65F0E;
			remoteInfo = "Fetch Project";
		};
		06CE046D2DAAFE6300B65F0E /* PBXContainerItemProxy */ = {
			isa = PBXContainerItemProxy;
			containerPortal = 06CE044D2DAAFE6200B65F0E /* Project object */;
			proxyType = 1;
			remoteGlobalIDString = 06CE04542DAAFE6200B65F0E;
			remoteInfo = "Fetch Project";
		};
/* End PBXContainerItemProxy section */

/* Begin PBXFileReference section */
		06CE04552DAAFE6200B65F0E /* Fetch Project.app */ = {isa = PBXFileReference; explicitFileType = wrapper.application; includeInIndex = 0; path = "Fetch Project.app"; sourceTree = BUILT_PRODUCTS_DIR; };
		06CE04622DAAFE6300B65F0E /* Fetch ProjectTests.xctest */ = {isa = PBXFileReference; explicitFileType = wrapper.cfbundle; includeInIndex = 0; path = "Fetch ProjectTests.xctest"; sourceTree = BUILT_PRODUCTS_DIR; };
		06CE046C2DAAFE6300B65F0E /* Fetch ProjectUITests.xctest */ = {isa = PBXFileReference; explicitFileType = wrapper.cfbundle; includeInIndex = 0; path = "Fetch ProjectUITests.xctest"; sourceTree = BUILT_PRODUCTS_DIR; };
/* End PBXFileReference section */

/* Begin PBXFileSystemSynchronizedRootGroup section */
		06CE04572DAAFE6200B65F0E /* Fetch Project */ = {
			isa = PBXFileSystemSynchronizedRootGroup;
			path = "Fetch Project";
			sourceTree = "<group>";
		};
		06CE04652DAAFE6300B65F0E /* Fetch ProjectTests */ = {
			isa = PBXFileSystemSynchronizedRootGroup;
			path = "Fetch ProjectTests";
			sourceTree = "<group>";
		};
		06CE046F2DAAFE6300B65F0E /* Fetch ProjectUITests */ = {
			isa = PBXFileSystemSynchronizedRootGroup;
			path = "Fetch ProjectUITests";
			sourceTree = "<group>";
		};
/* End PBXFileSystemSynchronizedRootGroup section */

/* Begin PBXFrameworksBuildPhase section */
		06CE04522DAAFE6200B65F0E /* Frameworks */ = {
			isa = PBXFrameworksBuildPhase;
			buildActionMask = 2147483647;
			files = (
			);
			runOnlyForDeploymentPostprocessing = 0;
		};
		06CE045F2DAAFE6300B65F0E /* Frameworks */ = {
			isa = PBXFrameworksBuildPhase;
			buildActionMask = 2147483647;
			files = (
			);
			runOnlyForDeploymentPostprocessing = 0;
		};
		06CE04692DAAFE6300B65F0E /* Frameworks */ = {
			isa = PBXFrameworksBuildPhase;
			buildActionMask = 2147483647;
			files = (
			);
			runOnlyForDeploymentPostprocessing = 0;
		};
/* End PBXFrameworksBuildPhase section */

/* Begin PBXGroup section */
		06CE044C2DAAFE6200B65F0E = {
			isa = PBXGroup;
			children = (
				06CE04572DAAFE6200B65F0E /* Fetch Project */,
				06CE04652DAAFE6300B65F0E /* Fetch ProjectTests */,
				06CE046F2DAAFE6300B65F0E /* Fetch ProjectUITests */,
				06CE04562DAAFE6200B65F0E /* Products */,
			);
			sourceTree = "<group>";
		};
		06CE04562DAAFE6200B65F0E /* Products */ = {
			isa = PBXGroup;
			children = (
				06CE04552DAAFE6200B65F0E /* Fetch Project.app */,
				06CE04622DAAFE6300B65F0E /* Fetch ProjectTests.xctest */,
				06CE046C2DAAFE6300B65F0E /* Fetch ProjectUITests.xctest */,
			);
			name = Products;
			sourceTree = "<group>";
		};
/* End PBXGroup section */

/* Begin PBXNativeTarget section */
		06CE04542DAAFE6200B65F0E /* Fetch Project */ = {
			isa = PBXNativeTarget;
			buildConfigurationList = 06CE04762DAAFE6300B65F0E /* Build configuration list for PBXNativeTarget "Fetch Project" */;
			buildPhases = (
				06CE04512DAAFE6200B65F0E /* Sources */,
				06CE04522DAAFE6200B65F0E /* Frameworks */,
				06CE04532DAAFE6200B65F0E /* Resources */,
			);
			buildRules = (
			);
			dependencies = (
			);
			fileSystemSynchronizedGroups = (
				06CE04572DAAFE6200B65F0E /* Fetch Project */,
			);
			name = "Fetch Project";
			packageProductDependencies = (
			);
			productName = "Fetch Project";
			productReference = 06CE04552DAAFE6200B65F0E /* Fetch Project.app */;
			productType = "com.apple.product-type.application";
		};
		06CE04612DAAFE6300B65F0E /* Fetch ProjectTests */ = {
			isa = PBXNativeTarget;
			buildConfigurationList = 06CE04792DAAFE6300B65F0E /* Build configuration list for PBXNativeTarget "Fetch ProjectTests" */;
			buildPhases = (
				06CE045E2DAAFE6300B65F0E /* Sources */,
				06CE045F2DAAFE6300B65F0E /* Frameworks */,
				06CE04602DAAFE6300B65F0E /* Resources */,
			);
			buildRules = (
			);
			dependencies = (
				06CE04642DAAFE6300B65F0E /* PBXTargetDependency */,
			);
			fileSystemSynchronizedGroups = (
				06CE04652DAAFE6300B65F0E /* Fetch ProjectTests */,
			);
			name = "Fetch ProjectTests";
			packageProductDependencies = (
			);
			productName = "Fetch ProjectTests";
			productReference = 06CE04622DAAFE6300B65F0E /* Fetch ProjectTests.xctest */;
			productType = "com.apple.product-type.bundle.unit-test";
		};
		06CE046B2DAAFE6300B65F0E /* Fetch ProjectUITests */ = {
			isa = PBXNativeTarget;
			buildConfigurationList = 06CE047C2DAAFE6300B65F0E /* Build configuration list for PBXNativeTarget "Fetch ProjectUITests" */;
			buildPhases = (
				06CE04682DAAFE6300B65F0E /* Sources */,
				06CE04692DAAFE6300B65F0E /* Frameworks */,
				06CE046A2DAAFE6300B65F0E /* Resources */,
			);
			buildRules = (
			);
			dependencies = (
				06CE046E2DAAFE6300B65F0E /* PBXTargetDependency */,
			);
			fileSystemSynchronizedGroups = (
				06CE046F2DAAFE6300B65F0E /* Fetch ProjectUITests */,
			);
			name = "Fetch ProjectUITests";
			packageProductDependencies = (
			);
			productName = "Fetch ProjectUITests";
			productReference = 06CE046C2DAAFE6300B65F0E /* Fetch ProjectUITests.xctest */;
			productType = "com.apple.product-type.bundle.ui-testing";
		};
/* End PBXNativeTarget section */

/* Begin PBXProject section */
		06CE044D2DAAFE6200B65F0E /* Project object */ = {
			isa = PBXProject;
			attributes = {
				BuildIndependentTargetsInParallel = 1;
				LastSwiftUpdateCheck = 1630;
				LastUpgradeCheck = 1630;
				TargetAttributes = {
					06CE04542DAAFE6200B65F0E = {
						CreatedOnToolsVersion = 16.3;
					};
					06CE04612DAAFE6300B65F0E = {
						CreatedOnToolsVersion = 16.3;
						TestTargetID = 06CE04542DAAFE6200B65F0E;
					};
					06CE046B2DAAFE6300B65F0E = {
						CreatedOnToolsVersion = 16.3;
						TestTargetID = 06CE04542DAAFE6200B65F0E;
					};
				};
			};
			buildConfigurationList = 06CE04502DAAFE6200B65F0E /* Build configuration list for PBXProject "Fetch Project" */;
			developmentRegion = en;
			hasScannedForEncodings = 0;
			knownRegions = (
				en,
				Base,
			);
			mainGroup = 06CE044C2DAAFE6200B65F0E;
			minimizedProjectReferenceProxies = 1;
			preferredProjectObjectVersion = 77;
			productRefGroup = 06CE04562DAAFE6200B65F0E /* Products */;
			projectDirPath = "";
			projectRoot = "";
			targets = (
				06CE04542DAAFE6200B65F0E /* Fetch Project */,
				06CE04612DAAFE6300B65F0E /* Fetch ProjectTests */,
				06CE046B2DAAFE6300B65F0E /* Fetch ProjectUITests */,
			);
		};
/* End PBXProject section */

/* Begin PBXResourcesBuildPhase section */
		06CE04532DAAFE6200B65F0E /* Resources */ = {
			isa = PBXResourcesBuildPhase;
			buildActionMask = 2147483647;
			files = (
			);
			runOnlyForDeploymentPostprocessing = 0;
		};
		06CE04602DAAFE6300B65F0E /* Resources */ = {
			isa = PBXResourcesBuildPhase;
			buildActionMask = 2147483647;
			files = (
			);
			runOnlyForDeploymentPostprocessing = 0;
		};
		06CE046A2DAAFE6300B65F0E /* Resources */ = {
			isa = PBXResourcesBuildPhase;
			buildActionMask = 2147483647;
			files = (
			);
			runOnlyForDeploymentPostprocessing = 0;
		};
/* End PBXResourcesBuildPhase section */

/* Begin PBXSourcesBuildPhase section */
		06CE04512DAAFE6200B65F0E /* Sources */ = {
			isa = PBXSourcesBuildPhase;
			buildActionMask = 2147483647;
			files = (
			);
			runOnlyForDeploymentPostprocessing = 0;
		};
		06CE045E2DAAFE6300B65F0E /* Sources */ = {
			isa = PBXSourcesBuildPhase;
			buildActionMask = 2147483647;
			files = (
			);
			runOnlyForDeploymentPostprocessing = 0;
		};
		06CE04682DAAFE6300B65F0E /* Sources */ = {
			isa = PBXSourcesBuildPhase;
			buildActionMask = 2147483647;
			files = (
			);
			runOnlyForDeploymentPostprocessing = 0;
		};
/* End PBXSourcesBuildPhase section */

/* Begin PBXTargetDependency section */
		06CE04642DAAFE6300B65F0E /* PBXTargetDependency */ = {
			isa = PBXTargetDependency;
			target = 06CE04542DAAFE6200B65F0E /* Fetch Project */;
			targetProxy = 06CE04632DAAFE6300B65F0E /* PBXContainerItemProxy */;
		};
		06CE046E2DAAFE6300B65F0E /* PBXTargetDependency */ = {
			isa = PBXTargetDependency;
			target = 06CE04542DAAFE6200B65F0E /* Fetch Project */;
			targetProxy = 06CE046D2DAAFE6300B65F0E /* PBXContainerItemProxy */;
		};
/* End PBXTargetDependency section */

/* Begin XCBuildConfiguration section */
		06CE04742DAAFE6300B65F0E /* Debug */ = {
			isa = XCBuildConfiguration;
			buildSettings = {
				ALWAYS_SEARCH_USER_PATHS = NO;
				ASSETCATALOG_COMPILER_GENERATE_SWIFT_ASSET_SYMBOL_EXTENSIONS = YES;
				CLANG_ANALYZER_NONNULL = YES;
				CLANG_ANALYZER_NUMBER_OBJECT_CONVERSION = YES_AGGRESSIVE;
				CLANG_CXX_LANGUAGE_STANDARD = "gnu++20";
				CLANG_ENABLE_MODULES = YES;
				CLANG_ENABLE_OBJC_ARC = YES;
				CLANG_ENABLE_OBJC_WEAK = YES;
				CLANG_WARN_BLOCK_CAPTURE_AUTORELEASING = YES;
				CLANG_WARN_BOOL_CONVERSION = YES;
				CLANG_WARN_COMMA = YES;
				CLANG_WARN_CONSTANT_CONVERSION = YES;
				CLANG_WARN_DEPRECATED_OBJC_IMPLEMENTATIONS = YES;
				CLANG_WARN_DIRECT_OBJC_ISA_USAGE = YES_ERROR;
				CLANG_WARN_DOCUMENTATION_COMMENTS = YES;
				CLANG_WARN_EMPTY_BODY = YES;
				CLANG_WARN_ENUM_CONVERSION = YES;
				CLANG_WARN_INFINITE_RECURSION = YES;
				CLANG_WARN_INT_CONVERSION = YES;
				CLANG_WARN_NON_LITERAL_NULL_CONVERSION = YES;
				CLANG_WARN_OBJC_IMPLICIT_RETAIN_SELF = YES;
				CLANG_WARN_OBJC_LITERAL_CONVERSION = YES;
				CLANG_WARN_OBJC_ROOT_CLASS = YES_ERROR;
				CLANG_WARN_QUOTED_INCLUDE_IN_FRAMEWORK_HEADER = YES;
				CLANG_WARN_RANGE_LOOP_ANALYSIS = YES;
				CLANG_WARN_STRICT_PROTOTYPES = YES;
				CLANG_WARN_SUSPICIOUS_MOVE = YES;
				CLANG_WARN_UNGUARDED_AVAILABILITY = YES_AGGRESSIVE;
				CLANG_WARN_UNREACHABLE_CODE = YES;
				CLANG_WARN__DUPLICATE_METHOD_MATCH = YES;
				COPY_PHASE_STRIP = NO;
				DEBUG_INFORMATION_FORMAT = dwarf;
				DEVELOPMENT_TEAM = A8R365GJ52;
				ENABLE_STRICT_OBJC_MSGSEND = YES;
				ENABLE_TESTABILITY = YES;
				ENABLE_USER_SCRIPT_SANDBOXING = YES;
				GCC_C_LANGUAGE_STANDARD = gnu17;
				GCC_DYNAMIC_NO_PIC = NO;
				GCC_NO_COMMON_BLOCKS = YES;
				GCC_OPTIMIZATION_LEVEL = 0;
				GCC_PREPROCESSOR_DEFINITIONS = (
					"DEBUG=1",
					"$(inherited)",
				);
				GCC_WARN_64_TO_32_BIT_CONVERSION = YES;
				GCC_WARN_ABOUT_RETURN_TYPE = YES_ERROR;
				GCC_WARN_UNDECLARED_SELECTOR = YES;
				GCC_WARN_UNINITIALIZED_AUTOS = YES_AGGRESSIVE;
				GCC_WARN_UNUSED_FUNCTION = YES;
				GCC_WARN_UNUSED_VARIABLE = YES;
				IPHONEOS_DEPLOYMENT_TARGET = 18.4;
				LOCALIZATION_PREFERS_STRING_CATALOGS = YES;
				MTL_ENABLE_DEBUG_INFO = INCLUDE_SOURCE;
				MTL_FAST_MATH = YES;
				ONLY_ACTIVE_ARCH = YES;
				SDKROOT = iphoneos;
				SWIFT_ACTIVE_COMPILATION_CONDITIONS = "DEBUG $(inherited)";
				SWIFT_OPTIMIZATION_LEVEL = "-Onone";
			};
			name = Debug;
		};
		06CE04752DAAFE6300B65F0E /* Release */ = {
			isa = XCBuildConfiguration;
			buildSettings = {
				ALWAYS_SEARCH_USER_PATHS = NO;
				ASSETCATALOG_COMPILER_GENERATE_SWIFT_ASSET_SYMBOL_EXTENSIONS = YES;
				CLANG_ANALYZER_NONNULL = YES;
				CLANG_ANALYZER_NUMBER_OBJECT_CONVERSION = YES_AGGRESSIVE;
				CLANG_CXX_LANGUAGE_STANDARD = "gnu++20";
				CLANG_ENABLE_MODULES = YES;
				CLANG_ENABLE_OBJC_ARC = YES;
				CLANG_ENABLE_OBJC_WEAK = YES;
				CLANG_WARN_BLOCK_CAPTURE_AUTORELEASING = YES;
				CLANG_WARN_BOOL_CONVERSION = YES;
				CLANG_WARN_COMMA = YES;
				CLANG_WARN_CONSTANT_CONVERSION = YES;
				CLANG_WARN_DEPRECATED_OBJC_IMPLEMENTATIONS = YES;
				CLANG_WARN_DIRECT_OBJC_ISA_USAGE = YES_ERROR;
				CLANG_WARN_DOCUMENTATION_COMMENTS = YES;
				CLANG_WARN_EMPTY_BODY = YES;
				CLANG_WARN_ENUM_CONVERSION = YES;
				CLANG_WARN_INFINITE_RECURSION = YES;
				CLANG_WARN_INT_CONVERSION = YES;
				CLANG_WARN_NON_LITERAL_NULL_CONVERSION = YES;
				CLANG_WARN_OBJC_IMPLICIT_RETAIN_SELF = YES;
				CLANG_WARN_OBJC_LITERAL_CONVERSION = YES;
				CLANG_WARN_OBJC_ROOT_CLASS = YES_ERROR;
				CLANG_WARN_QUOTED_INCLUDE_IN_FRAMEWORK_HEADER = YES;
				CLANG_WARN_RANGE_LOOP_ANALYSIS = YES;
				CLANG_WARN_STRICT_PROTOTYPES = YES;
				CLANG_WARN_SUSPICIOUS_MOVE = YES;
				CLANG_WARN_UNGUARDED_AVAILABILITY = YES_AGGRESSIVE;
				CLANG_WARN_UNREACHABLE_CODE = YES;
				CLANG_WARN__DUPLICATE_METHOD_MATCH = YES;
				COPY_PHASE_STRIP = NO;
				DEBUG_INFORMATION_FORMAT = "dwarf-with-dsym";
				DEVELOPMENT_TEAM = A8R365GJ52;
				ENABLE_NS_ASSERTIONS = NO;
				ENABLE_STRICT_OBJC_MSGSEND = YES;
				ENABLE_USER_SCRIPT_SANDBOXING = YES;
				GCC_C_LANGUAGE_STANDARD = gnu17;
				GCC_NO_COMMON_BLOCKS = YES;
				GCC_WARN_64_TO_32_BIT_CONVERSION = YES;
				GCC_WARN_ABOUT_RETURN_TYPE = YES_ERROR;
				GCC_WARN_UNDECLARED_SELECTOR = YES;
				GCC_WARN_UNINITIALIZED_AUTOS = YES_AGGRESSIVE;
				GCC_WARN_UNUSED_FUNCTION = YES;
				GCC_WARN_UNUSED_VARIABLE = YES;
				IPHONEOS_DEPLOYMENT_TARGET = 18.4;
				LOCALIZATION_PREFERS_STRING_CATALOGS = YES;
				MTL_ENABLE_DEBUG_INFO = NO;
				MTL_FAST_MATH = YES;
				SDKROOT = iphoneos;
				SWIFT_COMPILATION_MODE = wholemodule;
				VALIDATE_PRODUCT = YES;
			};
			name = Release;
		};
		06CE04772DAAFE6300B65F0E /* Debug */ = {
			isa = XCBuildConfiguration;
			buildSettings = {
				ASSETCATALOG_COMPILER_APPICON_NAME = AppIcon;
				ASSETCATALOG_COMPILER_GLOBAL_ACCENT_COLOR_NAME = AccentColor;
				CODE_SIGN_STYLE = Automatic;
				CURRENT_PROJECT_VERSION = 1;
				DEVELOPMENT_TEAM = A8R365GJ52;
				ENABLE_PREVIEWS = YES;
				GENERATE_INFOPLIST_FILE = YES;
				INFOPLIST_KEY_UIApplicationSceneManifest_Generation = YES;
				INFOPLIST_KEY_UIApplicationSupportsIndirectInputEvents = YES;
				INFOPLIST_KEY_UILaunchScreen_Generation = YES;
				INFOPLIST_KEY_UISupportedInterfaceOrientations_iPad = "UIInterfaceOrientationPortrait UIInterfaceOrientationPortraitUpsideDown UIInterfaceOrientationLandscapeLeft UIInterfaceOrientationLandscapeRight";
				INFOPLIST_KEY_UISupportedInterfaceOrientations_iPhone = "UIInterfaceOrientationPortrait UIInterfaceOrientationLandscapeLeft UIInterfaceOrientationLandscapeRight";
				LD_RUNPATH_SEARCH_PATHS = (
					"$(inherited)",
					"@executable_path/Frameworks",
				);
				MARKETING_VERSION = 1.0;
				PRODUCT_BUNDLE_IDENTIFIER = "com.kduncan-welke.Fetch-Project";
				PRODUCT_NAME = "$(TARGET_NAME)";
				SWIFT_EMIT_LOC_STRINGS = YES;
				SWIFT_VERSION = 5.0;
				TARGETED_DEVICE_FAMILY = "1,2";
			};
			name = Debug;
		};
		06CE04782DAAFE6300B65F0E /* Release */ = {
			isa = XCBuildConfiguration;
			buildSettings = {
				ASSETCATALOG_COMPILER_APPICON_NAME = AppIcon;
				ASSETCATALOG_COMPILER_GLOBAL_ACCENT_COLOR_NAME = AccentColor;
				CODE_SIGN_STYLE = Automatic;
				CURRENT_PROJECT_VERSION = 1;
				DEVELOPMENT_TEAM = A8R365GJ52;
				ENABLE_PREVIEWS = YES;
				GENERATE_INFOPLIST_FILE = YES;
				INFOPLIST_KEY_UIApplicationSceneManifest_Generation = YES;
				INFOPLIST_KEY_UIApplicationSupportsIndirectInputEvents = YES;
				INFOPLIST_KEY_UILaunchScreen_Generation = YES;
				INFOPLIST_KEY_UISupportedInterfaceOrientations_iPad = "UIInterfaceOrientationPortrait UIInterfaceOrientationPortraitUpsideDown UIInterfaceOrientationLandscapeLeft UIInterfaceOrientationLandscapeRight";
				INFOPLIST_KEY_UISupportedInterfaceOrientations_iPhone = "UIInterfaceOrientationPortrait UIInterfaceOrientationLandscapeLeft UIInterfaceOrientationLandscapeRight";
				LD_RUNPATH_SEARCH_PATHS = (
					"$(inherited)",
					"@executable_path/Frameworks",
				);
				MARKETING_VERSION = 1.0;
				PRODUCT_BUNDLE_IDENTIFIER = "com.kduncan-welke.Fetch-Project";
				PRODUCT_NAME = "$(TARGET_NAME)";
				SWIFT_EMIT_LOC_STRINGS = YES;
				SWIFT_VERSION = 5.0;
				TARGETED_DEVICE_FAMILY = "1,2";
			};
			name = Release;
		};
		06CE047A2DAAFE6300B65F0E /* Debug */ = {
			isa = XCBuildConfiguration;
			buildSettings = {
				BUNDLE_LOADER = "$(TEST_HOST)";
				CODE_SIGN_STYLE = Automatic;
				CURRENT_PROJECT_VERSION = 1;
				DEVELOPMENT_TEAM = A8R365GJ52;
				GENERATE_INFOPLIST_FILE = YES;
				IPHONEOS_DEPLOYMENT_TARGET = 18.4;
				MARKETING_VERSION = 1.0;
				PRODUCT_BUNDLE_IDENTIFIER = "com.kduncan-welke.Fetch-ProjectTests";
				PRODUCT_NAME = "$(TARGET_NAME)";
				SWIFT_EMIT_LOC_STRINGS = NO;
				SWIFT_VERSION = 5.0;
				TARGETED_DEVICE_FAMILY = "1,2";
				TEST_HOST = "$(BUILT_PRODUCTS_DIR)/Fetch Project.app/$(BUNDLE_EXECUTABLE_FOLDER_PATH)/Fetch Project";
			};
			name = Debug;
		};
		06CE047B2DAAFE6300B65F0E /* Release */ = {
			isa = XCBuildConfiguration;
			buildSettings = {
				BUNDLE_LOADER = "$(TEST_HOST)";
				CODE_SIGN_STYLE = Automatic;
				CURRENT_PROJECT_VERSION = 1;
				DEVELOPMENT_TEAM = A8R365GJ52;
				GENERATE_INFOPLIST_FILE = YES;
				IPHONEOS_DEPLOYMENT_TARGET = 18.4;
				MARKETING_VERSION = 1.0;
				PRODUCT_BUNDLE_IDENTIFIER = "com.kduncan-welke.Fetch-ProjectTests";
				PRODUCT_NAME = "$(TARGET_NAME)";
				SWIFT_EMIT_LOC_STRINGS = NO;
				SWIFT_VERSION = 5.0;
				TARGETED_DEVICE_FAMILY = "1,2";
				TEST_HOST = "$(BUILT_PRODUCTS_DIR)/Fetch Project.app/$(BUNDLE_EXECUTABLE_FOLDER_PATH)/Fetch Project";
			};
			name = Release;
		};
		06CE047D2DAAFE6300B65F0E /* Debug */ = {
			isa = XCBuildConfiguration;
			buildSettings = {
				CODE_SIGN_STYLE = Automatic;
				CURRENT_PROJECT_VERSION = 1;
				DEVELOPMENT_TEAM = A8R365GJ52;
				GENERATE_INFOPLIST_FILE = YES;
				MARKETING_VERSION = 1.0;
				PRODUCT_BUNDLE_IDENTIFIER = "com.kduncan-welke.Fetch-ProjectUITests";
				PRODUCT_NAME = "$(TARGET_NAME)";
				SWIFT_EMIT_LOC_STRINGS = NO;
				SWIFT_VERSION = 5.0;
				TARGETED_DEVICE_FAMILY = "1,2";
				TEST_TARGET_NAME = "Fetch Project";
			};
			name = Debug;
		};
		06CE047E2DAAFE6300B65F0E /* Release */ = {
			isa = XCBuildConfiguration;
			buildSettings = {
				CODE_SIGN_STYLE = Automatic;
				CURRENT_PROJECT_VERSION = 1;
				DEVELOPMENT_TEAM = A8R365GJ52;
				GENERATE_INFOPLIST_FILE = YES;
				MARKETING_VERSION = 1.0;
				PRODUCT_BUNDLE_IDENTIFIER = "com.kduncan-welke.Fetch-ProjectUITests";
				PRODUCT_NAME = "$(TARGET_NAME)";
				SWIFT_EMIT_LOC_STRINGS = NO;
				SWIFT_VERSION = 5.0;
				TARGETED_DEVICE_FAMILY = "1,2";
				TEST_TARGET_NAME = "Fetch Project";
			};
			name = Release;
		};
/* End XCBuildConfiguration section */

/* Begin XCConfigurationList section */
		06CE04502DAAFE6200B65F0E /* Build configuration list for PBXProject "Fetch Project" */ = {
			isa = XCConfigurationList;
			buildConfigurations = (
				06CE04742DAAFE6300B65F0E /* Debug */,
				06CE04752DAAFE6300B65F0E /* Release */,
			);
			defaultConfigurationIsVisible = 0;
			defaultConfigurationName = Release;
		};
		06CE04762DAAFE6300B65F0E /* Build configuration list for PBXNativeTarget "Fetch Project" */ = {
			isa = XCConfigurationList;
			buildConfigurations = (
				06CE04772DAAFE6300B65F0E /* Debug */,
				06CE04782DAAFE6300B65F0E /* Release */,
			);
			defaultConfigurationIsVisible = 0;
			defaultConfigurationName = Release;
		};
		06CE04792DAAFE6300B65F0E /* Build configuration list for PBXNativeTarget "Fetch ProjectTests" */ = {
			isa = XCConfigurationList;
			buildConfigurations = (
				06CE047A2DAAFE6300B65F0E /* Debug */,
				06CE047B2DAAFE6300B65F0E /* Release */,
			);
			defaultConfigurationIsVisible = 0;
			defaultConfigurationName = Release;
		};
		06CE047C2DAAFE6300B65F0E /* Build configuration list for PBXNativeTarget "Fetch ProjectUITests" */ = {
			isa = XCConfigurationList;
			buildConfigurations = (
				06CE047D2DAAFE6300B65F0E /* Debug */,
				06CE047E2DAAFE6300B65F0E /* Release */,
			);
			defaultConfigurationIsVisible = 0;
			defaultConfigurationName = Release;
		};
/* End XCConfigurationList section */
	};
	rootObject = 06CE044D2DAAFE6200B65F0E /* Project object */;
}
